
Microsoft Visual Studio Solution File, Format Version 12.00
# Visual Studio Version 17
VisualStudioVersion = 17.9.34723.18
MinimumVisualStudioVersion = 10.0.40219.1
Project("{FAE04EC0-301F-11D3-BF4B-00C04F79EFBC}") = "Jesper", "Jesper.csproj", "{89FCE605-C6BB-4349-A28D-B0DC35E41639}"
EndProject
Global
	GlobalSection(SolutionConfigurationPlatforms) = preSolution
		Debug|Any CPU = Debug|Any CPU
		Release|Any CPU = Release|Any CPU
	EndGlobalSection
	GlobalSection(ProjectConfigurationPlatforms) = postSolution
		{89FCE605-C6BB-4349-A28D-B0DC35E41639}.Debug|Any CPU.ActiveCfg = Debug|Any CPU
		{89FCE605-C6BB-4349-A28D-B0DC35E41639}.Debug|Any CPU.Build.0 = Debug|Any CPU
		{89FCE605-C6BB-4349-A28D-B0DC35E41639}.Release|Any CPU.ActiveCfg = Release|Any CPU
		{89FCE605-C6BB-4349-A28D-B0DC35E41639}.Release|Any CPU.Build.0 = Release|Any CPU
	EndGlobalSection
	GlobalSection(SolutionProperties) = preSolution
		HideSolutionNode = FALSE
	EndGlobalSection
	GlobalSection(ExtensibilityGlobals) = postSolution
		SolutionGuid = {1564760C-1B7E-4B3F-B3AB-38D9E2786A61}
	EndGlobalSection
EndGlobal
